
Microsoft Visual Studio Solution File, Format Version 12.00
# Visual Studio Version 17
VisualStudioVersion = 17.0.32126.317
MinimumVisualStudioVersion = 10.0.40219.1
Project("{FAE04EC0-301F-11D3-BF4B-00C04F79EFBC}") = "AutoWebScreenshot", "AutoWebScreenshot\AutoWebScreenshot.csproj", "{85C0323A-73F5-43D9-AE97-825A5D1FEDF7}"
EndProject
Global
	GlobalSection(SolutionConfigurationPlatforms) = preSolution
		Debug|Any CPU = Debug|Any CPU
		Release|Any CPU = Release|Any CPU
	EndGlobalSection
	GlobalSection(ProjectConfigurationPlatforms) = postSolution
		{85C0323A-73F5-43D9-AE97-825A5D1FEDF7}.Debug|Any CPU.ActiveCfg = Debug|Any CPU
		{85C0323A-73F5-43D9-AE97-825A5D1FEDF7}.Debug|Any CPU.Build.0 = Debug|Any CPU
		{85C0323A-73F5-43D9-AE97-825A5D1FEDF7}.Release|Any CPU.ActiveCfg = Release|Any CPU
		{85C0323A-73F5-43D9-AE97-825A5D1FEDF7}.Release|Any CPU.Build.0 = Release|Any CPU
	EndGlobalSection
	GlobalSection(SolutionProperties) = preSolution
		HideSolutionNode = FALSE
	EndGlobalSection
	GlobalSection(ExtensibilityGlobals) = postSolution
		SolutionGuid = {B3AA0A80-3E08-402A-81BC-47277CCEB345}
	EndGlobalSection
EndGlobal
